<?xml version="1.0" encoding="utf-8"?>
<Project ToolsVersion="4.0" xmlns="http://schemas.microsoft.com/developer/msbuild/2003">
  <ItemGroup>
    <Filter Include="소스 파일">
      <UniqueIdentifier>{4FC737F1-C7A5-4376-A066-2A32D752A2FF}</UniqueIdentifier>
      <Extensions>cpp;c;cc;cxx;def;odl;idl;hpj;bat;asm;asmx</Extensions>
    </Filter>
    <Filter Include="헤더 파일">
      <UniqueIdentifier>{93995380-89BD-4b04-88EB-625FBE52EBFB}</UniqueIdentifier>
      <Extensions>h;hh;hpp;hxx;hm;inl;inc;ipp;xsd</Extensions>
    </Filter>
    <Filter Include="리소스 파일">
      <UniqueIdentifier>{67DA6AB6-F800-4c08-8B7A-83BB121AAD01}</UniqueIdentifier>
      <Extensions>rc;ico;cur;bmp;dlg;rc2;rct;bin;rgs;gif;jpg;jpeg;jpe;resx;tiff;tif;png;wav;mfcribbon-ms</Extensions>
    </Filter>
  </ItemGroup>
  <ItemGroup>
    <ClCompile Include="사분면.cpp">
      <Filter>소스 파일</Filter>
    </ClCompile>
    <ClCompile Include="상근날드.cpp">
      <Filter>소스 파일</Filter>
    </ClCompile>
    <ClCompile Include="카드구매하기.cpp">
      <Filter>소스 파일</Filter>
    </ClCompile>
    <ClCompile Include="1로만들기.cpp">
      <Filter>소스 파일</Filter>
    </ClCompile>
    <ClCompile Include="123더하기.cpp">
      <Filter>소스 파일</Filter>
    </ClCompile>
    <ClCompile Include="123더하기3.cpp">
      <Filter>소스 파일</Filter>
    </ClCompile>
    <ClCompile Include="123더하기5.cpp">
      <Filter>소스 파일</Filter>
    </ClCompile>
    <ClCompile Include="쉬운계단수.cpp">
      <Filter>소스 파일</Filter>
    </ClCompile>
    <ClCompile Include="이친수.cpp">
      <Filter>소스 파일</Filter>
    </ClCompile>
    <ClCompile Include="가장긴증가하는부분수열.cpp">
      <Filter>소스 파일</Filter>
    </ClCompile>
    <ClCompile Include="가장긴증가하는부분수열4.cpp">
      <Filter>소스 파일</Filter>
    </ClCompile>
    <ClCompile Include="미로탐색.cpp">
      <Filter>소스 파일</Filter>
    </ClCompile>
    <ClCompile Include="레딕스소트.cpp">
      <Filter>소스 파일</Filter>
    </ClCompile>
    <ClCompile Include="사탕게임.cpp">
      <Filter>소스 파일</Filter>
    </ClCompile>
    <ClCompile Include="날짜계산.cpp">
      <Filter>소스 파일</Filter>
    </ClCompile>
    <ClCompile Include="리모컨.cpp">
      <Filter>소스 파일</Filter>
    </ClCompile>
    <ClCompile Include="카잉달력.cpp">
      <Filter>소스 파일</Filter>
    </ClCompile>
    <ClCompile Include="수이어쓰기1.cpp">
      <Filter>소스 파일</Filter>
    </ClCompile>
    <ClCompile Include="n과m1.cpp">
      <Filter>소스 파일</Filter>
    </ClCompile>
    <ClCompile Include="n과m2.cpp">
      <Filter>소스 파일</Filter>
    </ClCompile>
    <ClCompile Include="차이를최대로.cpp">
      <Filter>소스 파일</Filter>
    </ClCompile>
    <ClCompile Include="외판원순회2.cpp">
      <Filter>소스 파일</Filter>
    </ClCompile>
    <ClCompile Include="퇴사.cpp">
      <Filter>소스 파일</Filter>
    </ClCompile>
    <ClCompile Include="암호만들기.cpp">
      <Filter>소스 파일</Filter>
    </ClCompile>
    <ClCompile Include="부분수열의합%28비트마스크%29.cpp">
      <Filter>소스 파일</Filter>
    </ClCompile>
    <ClCompile Include="종이조각.cpp">
      <Filter>소스 파일</Filter>
    </ClCompile>
    <ClCompile Include="바이러스.cpp">
      <Filter>소스 파일</Filter>
    </ClCompile>
    <ClCompile Include="단지번호붙이기.cpp">
      <Filter>소스 파일</Filter>
    </ClCompile>
    <ClCompile Include="소스.cpp">
      <Filter>소스 파일</Filter>
    </ClCompile>
    <ClCompile Include="유기농배추.cpp">
      <Filter>소스 파일</Filter>
    </ClCompile>
    <ClCompile Include="토마토.cpp">
      <Filter>소스 파일</Filter>
    </ClCompile>
    <ClCompile Include="나이트의이동.cpp">
      <Filter>소스 파일</Filter>
    </ClCompile>
    <ClCompile Include="섬의개수.cpp">
      <Filter>소스 파일</Filter>
    </ClCompile>
    <ClCompile Include="숨바꼭질.cpp">
      <Filter>소스 파일</Filter>
    </ClCompile>
    <ClCompile Include="숨바꼭질4.cpp">
      <Filter>소스 파일</Filter>
    </ClCompile>
    <ClCompile Include="이모티콘.cpp">
      <Filter>소스 파일</Filter>
    </ClCompile>
    <ClCompile Include="숨바꼭질3.cpp">
      <Filter>소스 파일</Filter>
    </ClCompile>
    <ClCompile Include="리그.cpp">
      <Filter>소스 파일</Filter>
    </ClCompile>
    <ClCompile Include="거북이.cpp">
      <Filter>소스 파일</Filter>
    </ClCompile>
    <ClCompile Include="등수 구하기.cpp">
      <Filter>소스 파일</Filter>
    </ClCompile>
    <ClCompile Include="나는야포켓몬마스터이다솜.cpp">
      <Filter>소스 파일</Filter>
    </ClCompile>
    <ClCompile Include="새.cpp">
      <Filter>소스 파일</Filter>
    </ClCompile>
    <ClCompile Include="평행선.cpp">
      <Filter>소스 파일</Filter>
    </ClCompile>
    <ClCompile Include="가로 세로 퍼즐.cpp">
      <Filter>소스 파일</Filter>
    </ClCompile>
    <ClCompile Include="펠린드롬만들기.cpp">
      <Filter>소스 파일</Filter>
    </ClCompile>
    <ClCompile Include="전봇대.cpp">
      <Filter>소스 파일</Filter>
    </ClCompile>
    <ClCompile Include="addingreversednumber.cpp">
      <Filter>소스 파일</Filter>
    </ClCompile>
    <ClCompile Include="dna해독.cpp">
      <Filter>소스 파일</Filter>
    </ClCompile>
    <ClCompile Include="뒤집기3.cpp">
      <Filter>소스 파일</Filter>
    </ClCompile>
    <ClCompile Include="goodgrass.cpp">
      <Filter>소스 파일</Filter>
    </ClCompile>
    <ClCompile Include="제곱수의합.cpp">
      <Filter>소스 파일</Filter>
    </ClCompile>
    <ClCompile Include="평범한배낭.cpp">
      <Filter>소스 파일</Filter>
    </ClCompile>
    <ClCompile Include="폴리노미오.cpp">
      <Filter>소스 파일</Filter>
    </ClCompile>
    <ClCompile Include="사과담기게임.cpp">
      <Filter>소스 파일</Filter>
    </ClCompile>
    <ClCompile Include="뒤집기.cpp">
      <Filter>소스 파일</Filter>
    </ClCompile>
    <ClCompile Include="흙길보수하기.cpp">
      <Filter>소스 파일</Filter>
    </ClCompile>
    <ClCompile Include="걷기.cpp">
      <Filter>소스 파일</Filter>
    </ClCompile>
    <ClCompile Include="동전분배.cpp">
      <Filter>소스 파일</Filter>
    </ClCompile>
    <ClCompile Include="싱기한네자리숫자.cpp">
      <Filter>소스 파일</Filter>
    </ClCompile>
    <ClCompile Include="친구.cpp">
      <Filter>소스 파일</Filter>
    </ClCompile>
    <ClCompile Include="무술연습.cpp">
      <Filter>소스 파일</Filter>
    </ClCompile>
    <ClCompile Include="이진수.cpp">
      <Filter>소스 파일</Filter>
    </ClCompile>
    <ClCompile Include="효율적인해킹.cpp">
      <Filter>소스 파일</Filter>
    </ClCompile>
    <ClCompile Include="왕위계승.cpp">
      <Filter>소스 파일</Filter>
    </ClCompile>
    <ClCompile Include="빙산.cpp">
      <Filter>소스 파일</Filter>
    </ClCompile>
    <ClCompile Include="pencils.cpp">
      <Filter>소스 파일</Filter>
    </ClCompile>
    <ClCompile Include="마지막한마디.cpp">
      <Filter>소스 파일</Filter>
    </ClCompile>
    <ClCompile Include="DOM.cpp">
      <Filter>소스 파일</Filter>
    </ClCompile>
    <ClCompile Include="팀배분.cpp">
      <Filter>소스 파일</Filter>
    </ClCompile>
    <ClCompile Include="구슬찾기.cpp">
      <Filter>소스 파일</Filter>
    </ClCompile>
    <ClCompile Include="로또.cpp">
      <Filter>소스 파일</Filter>
    </ClCompile>
    <ClCompile Include="부분수열의합(재귀).cpp">
      <Filter>소스 파일</Filter>
    </ClCompile>
    <ClCompile Include="부분수열의합(재귀2).cpp">
      <Filter>소스 파일</Filter>
    </ClCompile>
    <ClCompile Include="연산자끼워넣기.cpp">
      <Filter>소스 파일</Filter>
    </ClCompile>
    <ClCompile Include="연산자끼워넣기2.cpp">
      <Filter>소스 파일</Filter>
    </ClCompile>
    <ClCompile Include="인공지능시계.cpp">
      <Filter>소스 파일</Filter>
    </ClCompile>
    <ClCompile Include="별찍기23.cpp">
      <Filter>소스 파일</Filter>
    </ClCompile>
    <ClCompile Include="나는친구가적다.cpp">
      <Filter>소스 파일</Filter>
    </ClCompile>
    <ClCompile Include="피보나치수4.cpp">
      <Filter>소스 파일</Filter>
    </ClCompile>
    <ClCompile Include="수강신청.cpp">
      <Filter>소스 파일</Filter>
    </ClCompile>
    <ClCompile Include="문자열폭발.cpp">
      <Filter>소스 파일</Filter>
    </ClCompile>
    <ClCompile Include="오버워치월드컵.cpp">
      <Filter>소스 파일</Filter>
    </ClCompile>
    <ClCompile Include="정상회담.cpp">
      <Filter>소스 파일</Filter>
    </ClCompile>
    <ClCompile Include="LCS.cpp">
      <Filter>소스 파일</Filter>
    </ClCompile>
    <ClCompile Include="아기상어.cpp">
      <Filter>소스 파일</Filter>
    </ClCompile>
    <ClCompile Include="어른상어.cpp">
      <Filter>소스 파일</Filter>
    </ClCompile>
    <ClCompile Include="테트로미노.cpp">
      <Filter>소스 파일</Filter>
    </ClCompile>
    <ClCompile Include="비밀번호찾기.cpp">
      <Filter>소스 파일</Filter>
    </ClCompile>
    <ClCompile Include="카카오1.cpp">
      <Filter>소스 파일</Filter>
    </ClCompile>
    <ClCompile Include="별찍기18.cpp">
      <Filter>소스 파일</Filter>
    </ClCompile>
    <ClCompile Include="fencepainting.cpp">
      <Filter>소스 파일</Filter>
    </ClCompile>
    <ClCompile Include="lobby.cpp">
      <Filter>소스 파일</Filter>
    </ClCompile>
    <ClCompile Include="polynomial.cpp">
      <Filter>소스 파일</Filter>
    </ClCompile>
    <ClCompile Include="반복.cpp">
      <Filter>소스 파일</Filter>
    </ClCompile>
    <ClCompile Include="inheriteddisease.cpp">
      <Filter>소스 파일</Filter>
    </ClCompile>
    <ClCompile Include="싸이버개강총회.cpp">
      <Filter>소스 파일</Filter>
    </ClCompile>
    <ClCompile Include="버스.cpp">
      <Filter>소스 파일</Filter>
    </ClCompile>
    <ClCompile Include="에너지모으기.cpp">
      <Filter>소스 파일</Filter>
    </ClCompile>
    <ClCompile Include="집합.cpp">
      <Filter>소스 파일</Filter>
    </ClCompile>
    <ClCompile Include="다음팰린드롬수.cpp">
      <Filter>소스 파일</Filter>
    </ClCompile>
    <ClCompile Include="조화평균.cpp">
      <Filter>소스 파일</Filter>
    </ClCompile>
    <ClCompile Include="테트리스.cpp">
      <Filter>소스 파일</Filter>
    </ClCompile>
    <ClCompile Include="puyopuyo.cpp">
      <Filter>소스 파일</Filter>
    </ClCompile>
    <ClCompile Include="미네랄.cpp">
      <Filter>소스 파일</Filter>
    </ClCompile>
    <ClCompile Include="퍼즐.cpp">
      <Filter>소스 파일</Filter>
    </ClCompile>
    <ClCompile Include="달이차오른다가자.cpp">
      <Filter>소스 파일</Filter>
    </ClCompile>
    <ClCompile Include="alps식투표.cpp">
      <Filter>소스 파일</Filter>
    </ClCompile>
    <ClCompile Include="수들의합2.cpp">
      <Filter>소스 파일</Filter>
    </ClCompile>
    <ClCompile Include="시간표짜기.cpp">
      <Filter>소스 파일</Filter>
    </ClCompile>
    <ClCompile Include="jumbledcommunication.cpp">
      <Filter>소스 파일</Filter>
    </ClCompile>
    <ClCompile Include="기타콘서트.cpp">
      <Filter>소스 파일</Filter>
    </ClCompile>
    <ClCompile Include="thetroughgame.cpp">
      <Filter>소스 파일</Filter>
    </ClCompile>
    <ClCompile Include="장난꾸러기영훈.cpp">
      <Filter>소스 파일</Filter>
    </ClCompile>
    <ClCompile Include="괄호제거.cpp">
      <Filter>소스 파일</Filter>
    </ClCompile>
    <ClCompile Include="가르침.cpp">
      <Filter>소스 파일</Filter>
    </ClCompile>
    <ClCompile Include="비트수.cpp">
      <Filter>소스 파일</Filter>
    </ClCompile>
    <ClCompile Include="러버덕을사랑하는모임.cpp">
      <Filter>소스 파일</Filter>
    </ClCompile>
    <ClCompile Include="스타트와링크.cpp">
      <Filter>소스 파일</Filter>
    </ClCompile>
    <ClCompile Include="n-queen.cpp">
      <Filter>소스 파일</Filter>
    </ClCompile>
    <ClCompile Include="스도쿠.cpp">
      <Filter>소스 파일</Filter>
    </ClCompile>
    <ClCompile Include="프린터큐.cpp">
      <Filter>소스 파일</Filter>
    </ClCompile>
    <ClCompile Include="회전하는큐.cpp">
      <Filter>소스 파일</Filter>
    </ClCompile>
    <ClCompile Include="색종이만들기.cpp">
      <Filter>소스 파일</Filter>
    </ClCompile>
    <ClCompile Include="쿼드트리.cpp">
      <Filter>소스 파일</Filter>
    </ClCompile>
    <ClCompile Include="내려가기.cpp">
      <Filter>소스 파일</Filter>
    </ClCompile>
    <ClCompile Include="용액.cpp">
      <Filter>소스 파일</Filter>
    </ClCompile>
    <ClCompile Include="개똥벌레.cpp">
      <Filter>소스 파일</Filter>
    </ClCompile>
    <ClCompile Include="동전1.cpp">
      <Filter>소스 파일</Filter>
    </ClCompile>
    <ClCompile Include="나의인생에는수학과함께.cpp">
      <Filter>소스 파일</Filter>
    </ClCompile>
    <ClCompile Include="리그오브레전설.cpp">
      <Filter>소스 파일</Filter>
    </ClCompile>
    <ClCompile Include="집합의표현.cpp">
      <Filter>소스 파일</Filter>
    </ClCompile>
    <ClCompile Include="친구비.cpp">
      <Filter>소스 파일</Filter>
    </ClCompile>
    <ClCompile Include="백조의호수.cpp">
      <Filter>소스 파일</Filter>
    </ClCompile>
    <ClCompile Include="군사이동.cpp">
      <Filter>소스 파일</Filter>
    </ClCompile>
    <ClCompile Include="네트워크연결.cpp">
      <Filter>소스 파일</Filter>
    </ClCompile>
    <ClCompile Include="도시분할계획.cpp">
      <Filter>소스 파일</Filter>
    </ClCompile>
    <ClCompile Include="행성터널.cpp">
      <Filter>소스 파일</Filter>
    </ClCompile>
    <ClCompile Include="최소스패닝트리.cpp">
      <Filter>소스 파일</Filter>
    </ClCompile>
    <ClCompile Include="공항.cpp">
      <Filter>소스 파일</Filter>
    </ClCompile>
    <ClCompile Include="빗물받기.cpp">
      <Filter>소스 파일</Filter>
    </ClCompile>
    <ClCompile Include="곱셈.cpp">
      <Filter>소스 파일</Filter>
    </ClCompile>
    <ClCompile Include="다익스트라.cpp">
      <Filter>소스 파일</Filter>
    </ClCompile>
    <ClCompile Include="특정거리의도시찾기.cpp">
      <Filter>소스 파일</Filter>
    </ClCompile>
    <ClCompile Include="케빈베이컨의6단계법칙.cpp">
      <Filter>소스 파일</Filter>
    </ClCompile>
    <ClCompile Include="플로이드.cpp">
      <Filter>소스 파일</Filter>
    </ClCompile>
    <ClCompile Include="케빈베이컨의6단계법칙2.cpp">
      <Filter>소스 파일</Filter>
    </ClCompile>
    <ClCompile Include="그대그머가되어.cpp">
      <Filter>소스 파일</Filter>
    </ClCompile>
    <ClCompile Include="운동.cpp">
      <Filter>소스 파일</Filter>
    </ClCompile>
    <ClCompile Include="미로만들기.cpp">
      <Filter>소스 파일</Filter>
    </ClCompile>
    <ClCompile Include="치즈.cpp">
      <Filter>소스 파일</Filter>
    </ClCompile>
    <ClCompile Include="NHN_1.cpp">
      <Filter>소스 파일</Filter>
    </ClCompile>
    <ClCompile Include="NHN_3.cpp">
      <Filter>소스 파일</Filter>
    </ClCompile>
    <ClCompile Include="NHN_2.cpp">
      <Filter>소스 파일</Filter>
    </ClCompile>
    <ClCompile Include="tree.cpp">
      <Filter>소스 파일</Filter>
    </ClCompile>
    <ClCompile Include="우주탐사선.cpp">
      <Filter>소스 파일</Filter>
    </ClCompile>
    <ClCompile Include="백터매칭.cpp">
      <Filter>소스 파일</Filter>
    </ClCompile>
    <ClCompile Include="제국.cpp">
      <Filter>소스 파일</Filter>
    </ClCompile>
    <ClCompile Include="역사.cpp">
      <Filter>소스 파일</Filter>
    </ClCompile>
    <ClCompile Include="골목대장호석.cpp">
      <Filter>소스 파일</Filter>
    </ClCompile>
    <ClCompile Include="문자열지옥에빠진호석.cpp">
      <Filter>소스 파일</Filter>
    </ClCompile>
    <ClCompile Include="간식파티.cpp">
      <Filter>소스 파일</Filter>
    </ClCompile>
    <ClCompile Include="영웅이는2의거듭제곱.cpp">
      <Filter>소스 파일</Filter>
    </ClCompile>
    <ClCompile Include="청소년상어.cpp">
      <Filter>소스 파일</Filter>
    </ClCompile>
    <ClCompile Include="아기상어2.cpp">
      <Filter>소스 파일</Filter>
    </ClCompile>
    <ClCompile Include="시험감독.cpp">
      <Filter>소스 파일</Filter>
    </ClCompile>
    <ClCompile Include="톱니바퀴.cpp">
      <Filter>소스 파일</Filter>
    </ClCompile>
    <ClCompile Include="컨베이어벨트위의로봇.cpp">
      <Filter>소스 파일</Filter>
    </ClCompile>
    <ClCompile Include="마법사상어와파이어볼.cpp">
      <Filter>소스 파일</Filter>
    </ClCompile>
    <ClCompile Include="미세먼지안녕.cpp">
      <Filter>소스 파일</Filter>
    </ClCompile>
    <ClCompile Include="모노미노도미노2.cpp">
      <Filter>소스 파일</Filter>
    </ClCompile>
    <ClCompile Include="주사위굴리기.cpp">
      <Filter>소스 파일</Filter>
    </ClCompile>
    <ClCompile Include="뱀.cpp">
      <Filter>소스 파일</Filter>
    </ClCompile>
    <ClCompile Include="2048%28easy%29.cpp">
      <Filter>소스 파일</Filter>
    </ClCompile>
    <ClCompile Include="sortme.cpp">
      <Filter>소스 파일</Filter>
    </ClCompile>
    <ClCompile Include="lower_bound.cpp">
      <Filter>소스 파일</Filter>
    </ClCompile>
    <ClCompile Include="스트링나머지.cpp">
      <Filter>소스 파일</Filter>
    </ClCompile>
    <ClCompile Include="양.cpp">
      <Filter>소스 파일</Filter>
    </ClCompile>
    <ClCompile Include="물통.cpp">
      <Filter>소스 파일</Filter>
    </ClCompile>
    <ClCompile Include="나무탈출.cpp">
      <Filter>소스 파일</Filter>
    </ClCompile>
    <ClCompile Include="뿌요뿌요.cpp">
      <Filter>소스 파일</Filter>
    </ClCompile>
    <ClCompile Include="연구소2.cpp">
      <Filter>소스 파일</Filter>
    </ClCompile>
    <ClCompile Include="숫자고르기.cpp">
      <Filter>소스 파일</Filter>
    </ClCompile>
    <ClCompile Include="보물섬.cpp">
      <Filter>소스 파일</Filter>
    </ClCompile>
    <ClCompile Include="나무위의빗물.cpp">
      <Filter>소스 파일</Filter>
    </ClCompile>
    <ClCompile Include="구슬탈출.cpp">
      <Filter>소스 파일</Filter>
    </ClCompile>
    <ClCompile Include="수묶기.cpp">
      <Filter>소스 파일</Filter>
    </ClCompile>
    <ClCompile Include="보석상자.cpp">
      <Filter>소스 파일</Filter>
    </ClCompile>
    <ClCompile Include="크레인인형뽑기게임.cpp">
      <Filter>소스 파일</Filter>
    </ClCompile>
  </ItemGroup>
</Project>